PODS:
  - Flutter (1.0.0)
  - orientation (0.0.1):
    - Flutter

DEPENDENCIES:
  - Flutter (from `.symlinks/flutter/ios`)
  - orientation (from `.symlinks/plugins/orientation/ios`)

EXTERNAL SOURCES:
  Flutter:
    :path: ".symlinks/flutter/ios"
  orientation:
    :path: ".symlinks/plugins/orientation/ios"

SPEC CHECKSUMS:
  Flutter: 58dd7d1b27887414a370fcccb9e645c08ffd7a6a
  orientation: 46fe7528896a5c3e6215366bcb462c182ebfd4e9

PODFILE CHECKSUM: aff02bfeed411c636180d6812254b2daeea14d09

COCOAPODS: 1.7.5
